
Microsoft Visual Studio Solution File, Format Version 11.00
# Visual Studio 2010
Project("{FAE04EC0-301F-11D3-BF4B-00C04F79EFBC}") = "QF.Action", "QF.Action.csproj", "{B3D9B8A6-1AC5-C67F-8F21-59ED149F9007}"
EndProject
Project("{FAE04EC0-301F-11D3-BF4B-00C04F79EFBC}") = "UniRx", "UniRx.csproj", "{F7428935-17C0-61CD-DC9F-AF41E58BBEA4}"
EndProject
Project("{FAE04EC0-301F-11D3-BF4B-00C04F79EFBC}") = "Assembly-CSharp", "Assembly-CSharp.csproj", "{F63B7101-6A45-9ECC-F744-754FEAC1570B}"
EndProject
Project("{FAE04EC0-301F-11D3-BF4B-00C04F79EFBC}") = "QF.Redux", "QF.Redux.csproj", "{9A27270E-2303-A560-384B-A7D034132B66}"
EndProject
Project("{FAE04EC0-301F-11D3-BF4B-00C04F79EFBC}") = "QF.Pool", "QF.Pool.csproj", "{90A19F01-8C08-69B5-95F0-5066D5B62912}"
EndProject
Project("{FAE04EC0-301F-11D3-BF4B-00C04F79EFBC}") = "QF.IOC", "QF.IOC.csproj", "{CCC25D5F-E8ED-8E00-66C6-022A0C35A588}"
EndProject
Project("{FAE04EC0-301F-11D3-BF4B-00C04F79EFBC}") = "HTTP", "HTTP.csproj", "{C1580F87-CB8E-3977-5C3A-2F4527A9F399}"
EndProject
Project("{FAE04EC0-301F-11D3-BF4B-00C04F79EFBC}") = "QF.SimpleHelper", "QF.SimpleHelper.csproj", "{FEA4EA4A-5618-4638-D6DA-D40EB7E6A619}"
EndProject
Project("{FAE04EC0-301F-11D3-BF4B-00C04F79EFBC}") = "QF.Singleton", "QF.Singleton.csproj", "{71DB9F8C-A5B4-CF4A-D5D3-E6DBB8699BC5}"
EndProject
Project("{FAE04EC0-301F-11D3-BF4B-00C04F79EFBC}") = "QF.Extensions", "QF.Extensions.csproj", "{1B93FEF7-AD17-F60A-2B7D-25CD4FA49CFF}"
EndProject
Project("{FAE04EC0-301F-11D3-BF4B-00C04F79EFBC}") = "QF.DVA", "QF.DVA.csproj", "{7E462435-9284-B17A-CEC4-FFF57D30D1E7}"
EndProject
Project("{FAE04EC0-301F-11D3-BF4B-00C04F79EFBC}") = "Assembly-CSharp-Editor", "Assembly-CSharp-Editor.csproj", "{33F2F6FC-BAE8-7D4E-7E80-ACCC37F657C1}"
EndProject
Global
	GlobalSection(SolutionConfigurationPlatforms) = preSolution
		Debug|Any CPU = Debug|Any CPU
		Release|Any CPU = Release|Any CPU
	EndGlobalSection
	GlobalSection(ProjectConfigurationPlatforms) = postSolution
		{B3D9B8A6-1AC5-C67F-8F21-59ED149F9007}.Debug|Any CPU.ActiveCfg = Debug|Any CPU
		{B3D9B8A6-1AC5-C67F-8F21-59ED149F9007}.Debug|Any CPU.Build.0 = Debug|Any CPU
		{B3D9B8A6-1AC5-C67F-8F21-59ED149F9007}.Release|Any CPU.ActiveCfg = Release|Any CPU
		{B3D9B8A6-1AC5-C67F-8F21-59ED149F9007}.Release|Any CPU.Build.0 = Release|Any CPU
		{F7428935-17C0-61CD-DC9F-AF41E58BBEA4}.Debug|Any CPU.ActiveCfg = Debug|Any CPU
		{F7428935-17C0-61CD-DC9F-AF41E58BBEA4}.Debug|Any CPU.Build.0 = Debug|Any CPU
		{F7428935-17C0-61CD-DC9F-AF41E58BBEA4}.Release|Any CPU.ActiveCfg = Release|Any CPU
		{F7428935-17C0-61CD-DC9F-AF41E58BBEA4}.Release|Any CPU.Build.0 = Release|Any CPU
		{F63B7101-6A45-9ECC-F744-754FEAC1570B}.Debug|Any CPU.ActiveCfg = Debug|Any CPU
		{F63B7101-6A45-9ECC-F744-754FEAC1570B}.Debug|Any CPU.Build.0 = Debug|Any CPU
		{F63B7101-6A45-9ECC-F744-754FEAC1570B}.Release|Any CPU.ActiveCfg = Release|Any CPU
		{F63B7101-6A45-9ECC-F744-754FEAC1570B}.Release|Any CPU.Build.0 = Release|Any CPU
		{9A27270E-2303-A560-384B-A7D034132B66}.Debug|Any CPU.ActiveCfg = Debug|Any CPU
		{9A27270E-2303-A560-384B-A7D034132B66}.Debug|Any CPU.Build.0 = Debug|Any CPU
		{9A27270E-2303-A560-384B-A7D034132B66}.Release|Any CPU.ActiveCfg = Release|Any CPU
		{9A27270E-2303-A560-384B-A7D034132B66}.Release|Any CPU.Build.0 = Release|Any CPU
		{90A19F01-8C08-69B5-95F0-5066D5B62912}.Debug|Any CPU.ActiveCfg = Debug|Any CPU
		{90A19F01-8C08-69B5-95F0-5066D5B62912}.Debug|Any CPU.Build.0 = Debug|Any CPU
		{90A19F01-8C08-69B5-95F0-5066D5B62912}.Release|Any CPU.ActiveCfg = Release|Any CPU
		{90A19F01-8C08-69B5-95F0-5066D5B62912}.Release|Any CPU.Build.0 = Release|Any CPU
		{CCC25D5F-E8ED-8E00-66C6-022A0C35A588}.Debug|Any CPU.ActiveCfg = Debug|Any CPU
		{CCC25D5F-E8ED-8E00-66C6-022A0C35A588}.Debug|Any CPU.Build.0 = Debug|Any CPU
		{CCC25D5F-E8ED-8E00-66C6-022A0C35A588}.Release|Any CPU.ActiveCfg = Release|Any CPU
		{CCC25D5F-E8ED-8E00-66C6-022A0C35A588}.Release|Any CPU.Build.0 = Release|Any CPU
		{C1580F87-CB8E-3977-5C3A-2F4527A9F399}.Debug|Any CPU.ActiveCfg = Debug|Any CPU
		{C1580F87-CB8E-3977-5C3A-2F4527A9F399}.Debug|Any CPU.Build.0 = Debug|Any CPU
		{C1580F87-CB8E-3977-5C3A-2F4527A9F399}.Release|Any CPU.ActiveCfg = Release|Any CPU
		{C1580F87-CB8E-3977-5C3A-2F4527A9F399}.Release|Any CPU.Build.0 = Release|Any CPU
		{FEA4EA4A-5618-4638-D6DA-D40EB7E6A619}.Debug|Any CPU.ActiveCfg = Debug|Any CPU
		{FEA4EA4A-5618-4638-D6DA-D40EB7E6A619}.Debug|Any CPU.Build.0 = Debug|Any CPU
		{FEA4EA4A-5618-4638-D6DA-D40EB7E6A619}.Release|Any CPU.ActiveCfg = Release|Any CPU
		{FEA4EA4A-5618-4638-D6DA-D40EB7E6A619}.Release|Any CPU.Build.0 = Release|Any CPU
		{71DB9F8C-A5B4-CF4A-D5D3-E6DBB8699BC5}.Debug|Any CPU.ActiveCfg = Debug|Any CPU
		{71DB9F8C-A5B4-CF4A-D5D3-E6DBB8699BC5}.Debug|Any CPU.Build.0 = Debug|Any CPU
		{71DB9F8C-A5B4-CF4A-D5D3-E6DBB8699BC5}.Release|Any CPU.ActiveCfg = Release|Any CPU
		{71DB9F8C-A5B4-CF4A-D5D3-E6DBB8699BC5}.Release|Any CPU.Build.0 = Release|Any CPU
		{1B93FEF7-AD17-F60A-2B7D-25CD4FA49CFF}.Debug|Any CPU.ActiveCfg = Debug|Any CPU
		{1B93FEF7-AD17-F60A-2B7D-25CD4FA49CFF}.Debug|Any CPU.Build.0 = Debug|Any CPU
		{1B93FEF7-AD17-F60A-2B7D-25CD4FA49CFF}.Release|Any CPU.ActiveCfg = Release|Any CPU
		{1B93FEF7-AD17-F60A-2B7D-25CD4FA49CFF}.Release|Any CPU.Build.0 = Release|Any CPU
		{7E462435-9284-B17A-CEC4-FFF57D30D1E7}.Debug|Any CPU.ActiveCfg = Debug|Any CPU
		{7E462435-9284-B17A-CEC4-FFF57D30D1E7}.Debug|Any CPU.Build.0 = Debug|Any CPU
		{7E462435-9284-B17A-CEC4-FFF57D30D1E7}.Release|Any CPU.ActiveCfg = Release|Any CPU
		{7E462435-9284-B17A-CEC4-FFF57D30D1E7}.Release|Any CPU.Build.0 = Release|Any CPU
		{33F2F6FC-BAE8-7D4E-7E80-ACCC37F657C1}.Debug|Any CPU.ActiveCfg = Debug|Any CPU
		{33F2F6FC-BAE8-7D4E-7E80-ACCC37F657C1}.Debug|Any CPU.Build.0 = Debug|Any CPU
		{33F2F6FC-BAE8-7D4E-7E80-ACCC37F657C1}.Release|Any CPU.ActiveCfg = Release|Any CPU
		{33F2F6FC-BAE8-7D4E-7E80-ACCC37F657C1}.Release|Any CPU.Build.0 = Release|Any CPU
	EndGlobalSection
	GlobalSection(SolutionProperties) = preSolution
		HideSolutionNode = FALSE
	EndGlobalSection
EndGlobal
